
Microsoft Visual Studio Solution File, Format Version 12.00
# Visual Studio Version 16
VisualStudioVersion = 16.0.33927.289
MinimumVisualStudioVersion = 10.0.40219.1
Project("{FAE04EC0-301F-11D3-BF4B-00C04F79EFBC}") = "Library_APP", "Library_APP\Library_APP.csproj", "{B464C689-66B6-400C-AE6B-7316D518886E}"
EndProject
Global
	GlobalSection(SolutionConfigurationPlatforms) = preSolution
		Debug|Any CPU = Debug|Any CPU
		Release|Any CPU = Release|Any CPU
	EndGlobalSection
	GlobalSection(ProjectConfigurationPlatforms) = postSolution
		{B464C689-66B6-400C-AE6B-7316D518886E}.Debug|Any CPU.ActiveCfg = Debug|Any CPU
		{B464C689-66B6-400C-AE6B-7316D518886E}.Debug|Any CPU.Build.0 = Debug|Any CPU
		{B464C689-66B6-400C-AE6B-7316D518886E}.Release|Any CPU.ActiveCfg = Release|Any CPU
		{B464C689-66B6-400C-AE6B-7316D518886E}.Release|Any CPU.Build.0 = Release|Any CPU
	EndGlobalSection
	GlobalSection(SolutionProperties) = preSolution
		HideSolutionNode = FALSE
	EndGlobalSection
	GlobalSection(ExtensibilityGlobals) = postSolution
		SolutionGuid = {FD0AABE1-8CCA-4BBF-95B0-604E7FEA5AAA}
	EndGlobalSection
EndGlobal
